{
  "name": "cors-proxy",
  "version": "1.0.0",
  "lockfileVersion": 1,
  "requires": true,
  "dependencies": {
    "itty-router": {
      "version": "2.5.2",
      "resolved": "https://registry.npmjs.org/itty-router/-/itty-router-2.5.2.tgz",
      "integrity": "sha512-igVdp/qoMe7aMnwB1eI9OCgV9HGyQlQ9LBDWPMSDkoYv7SpcxZp0t86noQcXKCSVK2B7y7z8d5SiaNbRMLUIyg=="
    },
    "prettier": {
      "version": "1.19.1",
      "resolved": "https://registry.npmjs.org/prettier/-/prettier-1.19.1.tgz",
      "integrity": "sha512-s7PoyDv/II1ObgQunCbB9PdLmUcBZcnWOcxDh7O0N/UwDEsHyqkW+Qh28jW+mVuCdx7gLB0BotYI1Y6uI9iyew==",
      "dev": true
    }
  }
}
